
Microsoft Visual Studio Solution File, Format Version 12.00
# Visual Studio Version 17
VisualStudioVersion = 17.2.32519.379
MinimumVisualStudioVersion = 10.0.40219.1
Project("{FAE04EC0-301F-11D3-BF4B-00C04F79EFBC}") = "3-magnitude", "3-magnitude.csproj", "{4FC0D4DD-510E-4C3A-A877-EE54EBDB9DCF}"
EndProject
Global
	GlobalSection(SolutionConfigurationPlatforms) = preSolution
		Debug|Any CPU = Debug|Any CPU
		Release|Any CPU = Release|Any CPU
	EndGlobalSection
	GlobalSection(ProjectConfigurationPlatforms) = postSolution
		{4FC0D4DD-510E-4C3A-A877-EE54EBDB9DCF}.Debug|Any CPU.ActiveCfg = Debug|Any CPU
		{4FC0D4DD-510E-4C3A-A877-EE54EBDB9DCF}.Debug|Any CPU.Build.0 = Debug|Any CPU
		{4FC0D4DD-510E-4C3A-A877-EE54EBDB9DCF}.Release|Any CPU.ActiveCfg = Release|Any CPU
		{4FC0D4DD-510E-4C3A-A877-EE54EBDB9DCF}.Release|Any CPU.Build.0 = Release|Any CPU
	EndGlobalSection
	GlobalSection(SolutionProperties) = preSolution
		HideSolutionNode = FALSE
	EndGlobalSection
	GlobalSection(ExtensibilityGlobals) = postSolution
		SolutionGuid = {B10D18A9-C2D5-48E7-A500-EB318E4B4474}
	EndGlobalSection
EndGlobal
