
Microsoft Visual Studio Solution File, Format Version 12.00
# Visual Studio Version 16
VisualStudioVersion = 16.0.30114.105
MinimumVisualStudioVersion = 10.0.40219.1
Project("{FAE04EC0-301F-11D3-BF4B-00C04F79EFBC}") = "Text", "Text\Text.csproj", "{B01DBE2F-C2C8-4EB0-9B84-91B582B58D09}"
EndProject
Project("{FAE04EC0-301F-11D3-BF4B-00C04F79EFBC}") = "Text.Tests", "Text.Tests\Text.Tests.csproj", "{95D95B7E-2FE8-484F-91E6-93978E81F4FE}"
EndProject
Global
	GlobalSection(SolutionConfigurationPlatforms) = preSolution
		Debug|Any CPU = Debug|Any CPU
		Release|Any CPU = Release|Any CPU
	EndGlobalSection
	GlobalSection(SolutionProperties) = preSolution
		HideSolutionNode = FALSE
	EndGlobalSection
	GlobalSection(ProjectConfigurationPlatforms) = postSolution
		{B01DBE2F-C2C8-4EB0-9B84-91B582B58D09}.Debug|Any CPU.ActiveCfg = Debug|Any CPU
		{B01DBE2F-C2C8-4EB0-9B84-91B582B58D09}.Debug|Any CPU.Build.0 = Debug|Any CPU
		{B01DBE2F-C2C8-4EB0-9B84-91B582B58D09}.Release|Any CPU.ActiveCfg = Release|Any CPU
		{B01DBE2F-C2C8-4EB0-9B84-91B582B58D09}.Release|Any CPU.Build.0 = Release|Any CPU
		{95D95B7E-2FE8-484F-91E6-93978E81F4FE}.Debug|Any CPU.ActiveCfg = Debug|Any CPU
		{95D95B7E-2FE8-484F-91E6-93978E81F4FE}.Debug|Any CPU.Build.0 = Debug|Any CPU
		{95D95B7E-2FE8-484F-91E6-93978E81F4FE}.Release|Any CPU.ActiveCfg = Release|Any CPU
		{95D95B7E-2FE8-484F-91E6-93978E81F4FE}.Release|Any CPU.Build.0 = Release|Any CPU
	EndGlobalSection
EndGlobal
