
Microsoft Visual Studio Solution File, Format Version 12.00
# Visual Studio 15
VisualStudioVersion = 15.0.26124.0
MinimumVisualStudioVersion = 15.0.26124.0
Project("{FAE04EC0-301F-11D3-BF4B-00C04F79EFBC}") = "MyMath", "MyMath\MyMath.csproj", "{982E4E62-C1FB-44A1-8A49-3FBED91BDA1A}"
EndProject
Project("{FAE04EC0-301F-11D3-BF4B-00C04F79EFBC}") = "MyMath.Tests", "MyMath.Tests\MyMath.Tests.csproj", "{5C5520C5-8080-4FFA-906A-563932EE5266}"
EndProject
Global
	GlobalSection(SolutionConfigurationPlatforms) = preSolution
		Debug|Any CPU = Debug|Any CPU
		Debug|x64 = Debug|x64
		Debug|x86 = Debug|x86
		Release|Any CPU = Release|Any CPU
		Release|x64 = Release|x64
		Release|x86 = Release|x86
	EndGlobalSection
	GlobalSection(SolutionProperties) = preSolution
		HideSolutionNode = FALSE
	EndGlobalSection
	GlobalSection(ProjectConfigurationPlatforms) = postSolution
		{982E4E62-C1FB-44A1-8A49-3FBED91BDA1A}.Debug|Any CPU.ActiveCfg = Debug|Any CPU
		{982E4E62-C1FB-44A1-8A49-3FBED91BDA1A}.Debug|Any CPU.Build.0 = Debug|Any CPU
		{982E4E62-C1FB-44A1-8A49-3FBED91BDA1A}.Debug|x64.ActiveCfg = Debug|Any CPU
		{982E4E62-C1FB-44A1-8A49-3FBED91BDA1A}.Debug|x64.Build.0 = Debug|Any CPU
		{982E4E62-C1FB-44A1-8A49-3FBED91BDA1A}.Debug|x86.ActiveCfg = Debug|Any CPU
		{982E4E62-C1FB-44A1-8A49-3FBED91BDA1A}.Debug|x86.Build.0 = Debug|Any CPU
		{982E4E62-C1FB-44A1-8A49-3FBED91BDA1A}.Release|Any CPU.ActiveCfg = Release|Any CPU
		{982E4E62-C1FB-44A1-8A49-3FBED91BDA1A}.Release|Any CPU.Build.0 = Release|Any CPU
		{982E4E62-C1FB-44A1-8A49-3FBED91BDA1A}.Release|x64.ActiveCfg = Release|Any CPU
		{982E4E62-C1FB-44A1-8A49-3FBED91BDA1A}.Release|x64.Build.0 = Release|Any CPU
		{982E4E62-C1FB-44A1-8A49-3FBED91BDA1A}.Release|x86.ActiveCfg = Release|Any CPU
		{982E4E62-C1FB-44A1-8A49-3FBED91BDA1A}.Release|x86.Build.0 = Release|Any CPU
		{5C5520C5-8080-4FFA-906A-563932EE5266}.Debug|Any CPU.ActiveCfg = Debug|Any CPU
		{5C5520C5-8080-4FFA-906A-563932EE5266}.Debug|Any CPU.Build.0 = Debug|Any CPU
		{5C5520C5-8080-4FFA-906A-563932EE5266}.Debug|x64.ActiveCfg = Debug|Any CPU
		{5C5520C5-8080-4FFA-906A-563932EE5266}.Debug|x64.Build.0 = Debug|Any CPU
		{5C5520C5-8080-4FFA-906A-563932EE5266}.Debug|x86.ActiveCfg = Debug|Any CPU
		{5C5520C5-8080-4FFA-906A-563932EE5266}.Debug|x86.Build.0 = Debug|Any CPU
		{5C5520C5-8080-4FFA-906A-563932EE5266}.Release|Any CPU.ActiveCfg = Release|Any CPU
		{5C5520C5-8080-4FFA-906A-563932EE5266}.Release|Any CPU.Build.0 = Release|Any CPU
		{5C5520C5-8080-4FFA-906A-563932EE5266}.Release|x64.ActiveCfg = Release|Any CPU
		{5C5520C5-8080-4FFA-906A-563932EE5266}.Release|x64.Build.0 = Release|Any CPU
		{5C5520C5-8080-4FFA-906A-563932EE5266}.Release|x86.ActiveCfg = Release|Any CPU
		{5C5520C5-8080-4FFA-906A-563932EE5266}.Release|x86.Build.0 = Release|Any CPU
	EndGlobalSection
EndGlobal
