
Microsoft Visual Studio Solution File, Format Version 12.00
# Visual Studio Version 16
VisualStudioVersion = 16.0.30114.105
MinimumVisualStudioVersion = 10.0.40219.1
Project("{FAE04EC0-301F-11D3-BF4B-00C04F79EFBC}") = "Text", "Text\Text.csproj", "{253010B3-690B-4556-969A-A17D1A7308C9}"
EndProject
Project("{FAE04EC0-301F-11D3-BF4B-00C04F79EFBC}") = "Text.Tests", "Text.Tests\Text.Tests.csproj", "{94DE9887-F28D-41E8-B5D9-4516CAEE9ABC}"
EndProject
Global
	GlobalSection(SolutionConfigurationPlatforms) = preSolution
		Debug|Any CPU = Debug|Any CPU
		Release|Any CPU = Release|Any CPU
	EndGlobalSection
	GlobalSection(SolutionProperties) = preSolution
		HideSolutionNode = FALSE
	EndGlobalSection
	GlobalSection(ProjectConfigurationPlatforms) = postSolution
		{253010B3-690B-4556-969A-A17D1A7308C9}.Debug|Any CPU.ActiveCfg = Debug|Any CPU
		{253010B3-690B-4556-969A-A17D1A7308C9}.Debug|Any CPU.Build.0 = Debug|Any CPU
		{253010B3-690B-4556-969A-A17D1A7308C9}.Release|Any CPU.ActiveCfg = Release|Any CPU
		{253010B3-690B-4556-969A-A17D1A7308C9}.Release|Any CPU.Build.0 = Release|Any CPU
		{94DE9887-F28D-41E8-B5D9-4516CAEE9ABC}.Debug|Any CPU.ActiveCfg = Debug|Any CPU
		{94DE9887-F28D-41E8-B5D9-4516CAEE9ABC}.Debug|Any CPU.Build.0 = Debug|Any CPU
		{94DE9887-F28D-41E8-B5D9-4516CAEE9ABC}.Release|Any CPU.ActiveCfg = Release|Any CPU
		{94DE9887-F28D-41E8-B5D9-4516CAEE9ABC}.Release|Any CPU.Build.0 = Release|Any CPU
	EndGlobalSection
EndGlobal
