
Microsoft Visual Studio Solution File, Format Version 12.00
# Visual Studio Version 16
VisualStudioVersion = 16.0.32407.337
MinimumVisualStudioVersion = 15.0.26124.0
Project("{FAE04EC0-301F-11D3-BF4B-00C04F79EFBC}") = "MyMath", "MyMath\MyMath.csproj", "{EDB57F43-E0B0-47D2-A1C3-4B410285A591}"
EndProject
Project("{FAE04EC0-301F-11D3-BF4B-00C04F79EFBC}") = "MyMath.Tests", "MyMath.Tests\MyMath.Tests.csproj", "{5459E20D-EF3B-46A1-AF20-5293919614A6}"
EndProject
Global
	GlobalSection(SolutionConfigurationPlatforms) = preSolution
		Debug|Any CPU = Debug|Any CPU
		Debug|x64 = Debug|x64
		Debug|x86 = Debug|x86
		Release|Any CPU = Release|Any CPU
		Release|x64 = Release|x64
		Release|x86 = Release|x86
	EndGlobalSection
	GlobalSection(ProjectConfigurationPlatforms) = postSolution
		{EDB57F43-E0B0-47D2-A1C3-4B410285A591}.Debug|Any CPU.ActiveCfg = Debug|Any CPU
		{EDB57F43-E0B0-47D2-A1C3-4B410285A591}.Debug|Any CPU.Build.0 = Debug|Any CPU
		{EDB57F43-E0B0-47D2-A1C3-4B410285A591}.Debug|x64.ActiveCfg = Debug|Any CPU
		{EDB57F43-E0B0-47D2-A1C3-4B410285A591}.Debug|x64.Build.0 = Debug|Any CPU
		{EDB57F43-E0B0-47D2-A1C3-4B410285A591}.Debug|x86.ActiveCfg = Debug|Any CPU
		{EDB57F43-E0B0-47D2-A1C3-4B410285A591}.Debug|x86.Build.0 = Debug|Any CPU
		{EDB57F43-E0B0-47D2-A1C3-4B410285A591}.Release|Any CPU.ActiveCfg = Release|Any CPU
		{EDB57F43-E0B0-47D2-A1C3-4B410285A591}.Release|Any CPU.Build.0 = Release|Any CPU
		{EDB57F43-E0B0-47D2-A1C3-4B410285A591}.Release|x64.ActiveCfg = Release|Any CPU
		{EDB57F43-E0B0-47D2-A1C3-4B410285A591}.Release|x64.Build.0 = Release|Any CPU
		{EDB57F43-E0B0-47D2-A1C3-4B410285A591}.Release|x86.ActiveCfg = Release|Any CPU
		{EDB57F43-E0B0-47D2-A1C3-4B410285A591}.Release|x86.Build.0 = Release|Any CPU
		{5459E20D-EF3B-46A1-AF20-5293919614A6}.Debug|Any CPU.ActiveCfg = Debug|Any CPU
		{5459E20D-EF3B-46A1-AF20-5293919614A6}.Debug|Any CPU.Build.0 = Debug|Any CPU
		{5459E20D-EF3B-46A1-AF20-5293919614A6}.Debug|x64.ActiveCfg = Debug|Any CPU
		{5459E20D-EF3B-46A1-AF20-5293919614A6}.Debug|x64.Build.0 = Debug|Any CPU
		{5459E20D-EF3B-46A1-AF20-5293919614A6}.Debug|x86.ActiveCfg = Debug|Any CPU
		{5459E20D-EF3B-46A1-AF20-5293919614A6}.Debug|x86.Build.0 = Debug|Any CPU
		{5459E20D-EF3B-46A1-AF20-5293919614A6}.Release|Any CPU.ActiveCfg = Release|Any CPU
		{5459E20D-EF3B-46A1-AF20-5293919614A6}.Release|Any CPU.Build.0 = Release|Any CPU
		{5459E20D-EF3B-46A1-AF20-5293919614A6}.Release|x64.ActiveCfg = Release|Any CPU
		{5459E20D-EF3B-46A1-AF20-5293919614A6}.Release|x64.Build.0 = Release|Any CPU
		{5459E20D-EF3B-46A1-AF20-5293919614A6}.Release|x86.ActiveCfg = Release|Any CPU
		{5459E20D-EF3B-46A1-AF20-5293919614A6}.Release|x86.Build.0 = Release|Any CPU
	EndGlobalSection
	GlobalSection(SolutionProperties) = preSolution
		HideSolutionNode = FALSE
	EndGlobalSection
	GlobalSection(ExtensibilityGlobals) = postSolution
		SolutionGuid = {311D350E-7E6B-4A5A-B181-205E4CD594C8}
	EndGlobalSection
EndGlobal
